{
  "version": 1,
  "dependencies": {
    "net10.0": {
      "Microsoft.NET.Test.Sdk": {
        "type": "Direct",
        "requested": "[18.6.0, )",
        "resolved": "18.6.0",
        "contentHash": "kAIBt0MsYR0o2RULmlW5BhQ1ha50aGEgLKG4f1p0kePBGLJCprqs3S+NxRrYN8UH7mSQRPKpeiH9mwPMEKUObQ==",
        "dependencies": {
          "Microsoft.CodeCoverage": "18.6.0",
          "Microsoft.TestPlatform.TestHost": "18.6.0"
        }
      },
      "xunit.runner.visualstudio": {
        "type": "Direct",
        "requested": "[3.1.5, )",
        "resolved": "3.1.5",
        "contentHash": "tKi7dSTwP4m5m9eXPM2Ime4Kn7xNf4x4zT9sdLO/G4hZVnQCRiMTWoSZqI/pYTVeI27oPPqHBKYI/DjJ9GsYgA=="
      },
      "xunit.v3": {
        "type": "Direct",
        "requested": "[3.2.2, )",
        "resolved": "3.2.2",
        "contentHash": "L+4/4y0Uqcg8/d6hfnxhnwh4j9FaeULvefTwrk30rr1o4n/vdPfyUQ8k0yzH8VJx7bmFEkDdcRfbtbjEHlaYcA==",
        "dependencies": {
          "xunit.v3.mtp-v1": "[3.2.2]"
        }
      },
      "Blake3": {
        "type": "Transitive",
        "resolved": "3.0.2",
        "contentHash": "THvWhdj8ErSdrGamTqjshCU1ImANfr7ieKY6eFqeMsRenvXEKut9qGm5/MA4SUk8IYvAahf67jSh0yVj9jTPzg=="
      },
      "BouncyCastle.Cryptography": {
        "type": "Transitive",
        "resolved": "2.6.2",
        "contentHash": "7oWOcvnntmMKNzDLsdxAYqApt+AjpRpP2CShjMfIa3umZ42UQMvH0tl1qAliYPNYO6vTdcGMqnRrCPmsfzTI1w=="
      },
      "CommunityToolkit.HighPerformance": {
        "type": "Transitive",
        "resolved": "8.4.2",
        "contentHash": "2hmtrrU18x6NL3mbuAqwy0KpnoEEJOuK6sH5RKQfD/jHijn2pqvqBUC7WGy9dgNBL9BDA7eOC0kirsNPMp2f4Q=="
      },
      "FixedMathSharp": {
        "type": "Transitive",
        "resolved": "4.0.1",
        "contentHash": "eUZzaWGXfPitqyJvF+6IFGaYRwWfg65Ia6I7bRbcF7U8Yw2BKBQ1vFl6qE/NGKaapMBVjQ+liDkvRSkwMuRR3w==",
        "dependencies": {
          "MemoryPack": "1.21.4"
        }
      },
      "Fmod5Sharp": {
        "type": "Transitive",
        "resolved": "3.1.0",
        "contentHash": "DPM710gixvM3GrF5FTceXgaAZmH4B3amo92HNIJHiXHUJdeIF3R/cZKDrZzc4A5gzX/M1MbqWBphR90e/b6HxQ==",
        "dependencies": {
          "IndexRange": "1.1.0",
          "NAudio.Core": "2.2.1",
          "OggVorbisEncoder": "1.2.2"
        }
      },
      "GenericReader": {
        "type": "Transitive",
        "resolved": "2.3.0",
        "contentHash": "JeTTJenG7Ys+d+qSpO5xlg07oCC7Xg+tCNYuJOzBcw3v1IPivsbix9jF0odM8EtviL74vC/zRE3V/tm6WPnxZw=="
      },
      "IndexRange": {
        "type": "Transitive",
        "resolved": "1.1.0",
        "contentHash": "fG+2WP1e3Fg3ZVq85XAdiwG9t0twi3r0LvOrTjtbH/31Rd5gLnV5APOD2JHAowbZYDgj9D3rXRbUvIL+ew0WZQ==",
        "dependencies": {
          "Microsoft.Bcl.Memory": "9.0.0"
        }
      },
      "Infrablack.UE4Config": {
        "type": "Transitive",
        "resolved": "0.7.2.97",
        "contentHash": "ZjCEAqkSSr2Z8Rp82wo6ME98WJ0P2DyKrr+11X2KqZ/q/rzloyv6rJ+m45J2qWY1Piu2E9XcJ2gvRHQCapuTQQ=="
      },
      "K4os.Compression.LZ4": {
        "type": "Transitive",
        "resolved": "1.3.8",
        "contentHash": "LhwlPa7c1zs1OV2XadMtAWdImjLIsqFJPoRcIWAadSRn0Ri1DepK65UbWLPmt4riLqx2d40xjXRk0ogpqNtK7g=="
      },
      "K4os.Compression.LZ4.Streams": {
        "type": "Transitive",
        "resolved": "1.3.8",
        "contentHash": "P15qr8dZAeo9GvYbUIPEYFQ0MEJ0i5iqr37wsYeRC3la2uCldOoeCa6to0CZ1taiwxIV+Mk8NGuZi+4iWivK9w==",
        "dependencies": {
          "K4os.Compression.LZ4": "1.3.8",
          "K4os.Hash.xxHash": "1.0.8"
        }
      },
      "K4os.Hash.xxHash": {
        "type": "Transitive",
        "resolved": "1.0.8",
        "contentHash": "Wp2F7BamQ2Q/7Hk834nV9vRQapgcr8kgv9Jvfm8J3D0IhDqZMMl+a2yxUq5ltJitvXvQfB8W6K4F4fCbw/P6YQ=="
      },
      "LZMA-SDK": {
        "type": "Transitive",
        "resolved": "22.1.1",
        "contentHash": "lxG8/H53OCqebnDFlTStwzbgtmUN/DqnXN8kffa/ctHcSEHhIPDyEa3jLzpZxVX5F8bmJgvb1mna6gnhetykIw=="
      },
      "MemoryPack": {
        "type": "Transitive",
        "resolved": "1.21.4",
        "contentHash": "wy3JTBNBsO8LfQcBvvYsWr3lm2Oakolrfu0UQ3oSJSEiD+7ye0GUhYTaXuYYBowqsXBXWD9gf2218ae0JRiYVQ==",
        "dependencies": {
          "MemoryPack.Core": "1.21.4",
          "MemoryPack.Generator": "1.21.4"
        }
      },
      "MemoryPack.Core": {
        "type": "Transitive",
        "resolved": "1.21.4",
        "contentHash": "6RszGorZ0ejNmp37ZcboPBMvvPCuNW2jlrdQfcs/lMzE5b3pmPF6hsm/laDc34hRlbAST1ZxaX/DvYu2DF5sBQ=="
      },
      "MemoryPack.Generator": {
        "type": "Transitive",
        "resolved": "1.21.4",
        "contentHash": "g14EsSS85yn0lHTi0J9ivqlZMf09A2iI51fmI+0KkzIzyCbWOBWPi5mdaY7YWmXprk12aYh9u/qfWHQUYthlwg=="
      },
      "Microsoft.ApplicationInsights": {
        "type": "Transitive",
        "resolved": "2.23.0",
        "contentHash": "nWArUZTdU7iqZLycLKWe0TDms48KKGE6pONH2terYNa8REXiqixrMOkf1sk5DHGMaUTqONU2YkS4SAXBhLStgw=="
      },
      "Microsoft.Bcl.AsyncInterfaces": {
        "type": "Transitive",
        "resolved": "6.0.0",
        "contentHash": "UcSjPsst+DfAdJGVDsu346FX0ci0ah+lw3WRtn18NUwEqRt70HaOQ7lI72vy3+1LxtqI3T5GWwV39rQSrCzAeg=="
      },
      "Microsoft.Bcl.Memory": {
        "type": "Transitive",
        "resolved": "10.0.11",
        "contentHash": "gOK5j94niQhCvUXA5sXn/h4khL0ZHPlKZx//SJ9pwuydpWSDIPBpduLWty5MYMEJkWs/ewYbG1LAqfPLOprDgg=="
      },
      "Microsoft.CodeCoverage": {
        "type": "Transitive",
        "resolved": "18.6.0",
        "contentHash": "bkmCXn/65Cd0LdO2zTb/ValGAJ1H8y/CgYOiBb3jsDyHI3Y1ljKx6RBvhvn3e5D/4R4I00RRwLf+Bd2Sn6bJjA=="
      },
      "Microsoft.Data.Sqlite": {
        "type": "Transitive",
        "resolved": "10.0.11",
        "contentHash": "7je7UELzm131GiLYc4PpZvfKXIgIyzPM+v+tjcd/nbnuWRfgcONYKzDTqJlURxwVCFsVnlpmq6y6yn4qvR8QXQ==",
        "dependencies": {
          "Microsoft.Data.Sqlite.Core": "10.0.11",
          "SQLitePCLRaw.bundle_e_sqlite3": "2.1.12",
          "SQLitePCLRaw.core": "2.1.12"
        }
      },
      "Microsoft.Data.Sqlite.Core": {
        "type": "Transitive",
        "resolved": "10.0.11",
        "contentHash": "hubA20AGenQ4Sx0ElWaPpB8DISjXpdx463+1zOGRslsT0e/t/06ITv+pHsop8CcJ0d8PZLfgnT7juCDVD79Dkw==",
        "dependencies": {
          "SQLitePCLRaw.core": "2.1.12"
        }
      },
      "Microsoft.Extensions.AI.Abstractions": {
        "type": "Transitive",
        "resolved": "10.8.3",
        "contentHash": "K0B05oApxmviWalNHPMBBcRC7erKiDATz3ENNR/jqTR9JwIwLRefgDhj2jCRwL1aca99pXUe0qyQC73/xIuZig=="
      },
      "Microsoft.Extensions.Caching.Abstractions": {
        "type": "Transitive",
        "resolved": "10.0.10",
        "contentHash": "4ZFBNE+jzR+CrWWlhOesnmywCW7pYKT0dxyAQRdL11yJwxe4jvcAu31eorFtEkoFeCDcUTeNssgPv2yaRRptaQ==",
        "dependencies": {
          "Microsoft.Extensions.Primitives": "10.0.10"
        }
      },
      "Microsoft.Extensions.Configuration": {
        "type": "Transitive",
        "resolved": "10.0.0",
        "contentHash": "H4SWETCh/cC5L1WtWchHR6LntGk3rDTTznZMssr4cL8IbDmMWBxY+MOGDc/ASnqNolLKPIWHWeuC1ddiL/iNPw==",
        "dependencies": {
          "Microsoft.Extensions.Configuration.Abstractions": "10.0.0",
          "Microsoft.Extensions.Primitives": "10.0.0"
        }
      },
      "Microsoft.Extensions.Configuration.Abstractions": {
        "type": "Transitive",
        "resolved": "10.0.10",
        "contentHash": "5Vnd2I75DmZCVEjSynIdJ/0EGafgnLQwgR3t2C2/fkjx/nRG+cLwxLLdInoHeCEpkD5K4Ov/g9ZCRYrl4TRsaA==",
        "dependencies": {
          "Microsoft.Extensions.Primitives": "10.0.10"
        }
      },
      "Microsoft.Extensions.Configuration.Binder": {
        "type": "Transitive",
        "resolved": "10.0.0",
        "contentHash": "tMF9wNh+hlyYDWB8mrFCQHQmWHlRosol1b/N2Jrefy1bFLnuTlgSYmPyHNmz8xVQgs7DpXytBRWxGhG+mSTp0g==",
        "dependencies": {
          "Microsoft.Extensions.Configuration": "10.0.0",
          "Microsoft.Extensions.Configuration.Abstractions": "10.0.0"
        }
      },
      "Microsoft.Extensions.Configuration.CommandLine": {
        "type": "Transitive",
        "resolved": "10.0.0",
        "contentHash": "CRj5clwZciVs46GMhAthkFq3+JiNM15Bz9CRlCZLBmRdggD6RwoBphRJ+EUDK2f+cZZ1L2zqVaQrn1KueoU5Kg==",
        "dependencies": {
          "Microsoft.Extensions.Configuration": "10.0.0",
          "Microsoft.Extensions.Configuration.Abstractions": "10.0.0"
        }
      },
      "Microsoft.Extensions.Configuration.EnvironmentVariables": {
        "type": "Transitive",
        "resolved": "10.0.0",
        "contentHash": "TmFegsI/uCdwMBD4yKpmO+OkjVNHQL49Dh/ep83NI5rPUEoBK9OdsJo1zURc1A2FuS/R/Pos3wsTjlyLnguBLA==",
        "dependencies": {
          "Microsoft.Extensions.Configuration": "10.0.0",
          "Microsoft.Extensions.Configuration.Abstractions": "10.0.0"
        }
      },
      "Microsoft.Extensions.Configuration.FileExtensions": {
        "type": "Transitive",
        "resolved": "10.0.0",
        "contentHash": "LqCTyF0twrG4tyEN6PpSC5ewRBDwCBazRUfCOdRddwaQ3n2S57GDDeYOlTLcbV/V2dxSSZWg5Ofr48h6BsBmxw==",
        "dependencies": {
          "Microsoft.Extensions.Configuration": "10.0.0",
          "Microsoft.Extensions.Configuration.Abstractions": "10.0.0",
          "Microsoft.Extensions.FileProviders.Abstractions": "10.0.0",
          "Microsoft.Extensions.FileProviders.Physical": "10.0.0",
          "Microsoft.Extensions.Primitives": "10.0.0"
        }
      },
      "Microsoft.Extensions.Configuration.Json": {
        "type": "Transitive",
        "resolved": "10.0.0",
        "contentHash": "BIOPTEAZoeWbHlDT9Zudu+rpecZizFwhdIFRiyZKDml7JbayXmfTXKUt+ezifsSXfBkWDdJM10oDOxo8pufEng==",
        "dependencies": {
          "Microsoft.Extensions.Configuration": "10.0.0",
          "Microsoft.Extensions.Configuration.Abstractions": "10.0.0",
          "Microsoft.Extensions.Configuration.FileExtensions": "10.0.0",
          "Microsoft.Extensions.FileProviders.Abstractions": "10.0.0"
        }
      },
      "Microsoft.Extensions.Configuration.UserSecrets": {
        "type": "Transitive",
        "resolved": "10.0.0",
        "contentHash": "B4qHB6gQ2B3I52YRohSV7wetp01BQzi8jDmrtiVm6e4l8vH5vjqwxWcR5wumGWjdBkj1asJLLsDIocdyTQSP0A==",
        "dependencies": {
          "Microsoft.Extensions.Configuration.Abstractions": "10.0.0",
          "Microsoft.Extensions.Configuration.Json": "10.0.0",
          "Microsoft.Extensions.FileProviders.Abstractions": "10.0.0",
          "Microsoft.Extensions.FileProviders.Physical": "10.0.0"
        }
      },
      "Microsoft.Extensions.DependencyInjection": {
        "type": "Transitive",
        "resolved": "10.0.0",
        "contentHash": "f0RBabswJq+gRu5a+hWIobrLWiUYPKMhCD9WO3sYBAdSy3FFH14LMvLVFZc2kPSCimBLxSuitUhsd6tb0TAY6A==",
        "dependencies": {
          "Microsoft.Extensions.DependencyInjection.Abstractions": "10.0.0"
        }
      },
      "Microsoft.Extensions.DependencyInjection.Abstractions": {
        "type": "Transitive",
        "resolved": "10.0.10",
        "contentHash": "z/2xXlFw2aLGjHyEm6E0tQ+In6VfzQzTrtArbQ2c0TQE16ZbyDCMGPvaUT9I0s8rgy9sRWlU2P9waW37qV04qA=="
      },
      "Microsoft.Extensions.Diagnostics": {
        "type": "Transitive",
        "resolved": "10.0.0",
        "contentHash": "xjkxIPgrT0mKTfBwb+CVqZnRchyZgzKIfDQOp8z+WUC6vPe3WokIf71z+hJPkH0YBUYJwa7Z/al1R087ib9oiw==",
        "dependencies": {
          "Microsoft.Extensions.Configuration": "10.0.0",
          "Microsoft.Extensions.Diagnostics.Abstractions": "10.0.0",
          "Microsoft.Extensions.Options.ConfigurationExtensions": "10.0.0"
        }
      },
      "Microsoft.Extensions.Diagnostics.Abstractions": {
        "type": "Transitive",
        "resolved": "10.0.10",
        "contentHash": "9uWiKpeOVac355STyChWR/pliFX/5CeLqChW9kKsaxyDH4EUTZxMkT4Jwp/J/peLm0GBFmSX5c0WCse3yCnq1Q==",
        "dependencies": {
          "Microsoft.Extensions.DependencyInjection.Abstractions": "10.0.10",
          "Microsoft.Extensions.Options": "10.0.10"
        }
      },
      "Microsoft.Extensions.FileProviders.Abstractions": {
        "type": "Transitive",
        "resolved": "10.0.10",
        "contentHash": "c5zqFCY9DiIpMovLd7/d/CTiEtrMOuQ639dhv3PABtKQIKNQikSHwQt8+N679uii9q+B55lgK28Uv64FOwEu8w==",
        "dependencies": {
          "Microsoft.Extensions.Primitives": "10.0.10"
        }
      },
      "Microsoft.Extensions.FileProviders.Physical": {
        "type": "Transitive",
        "resolved": "10.0.0",
        "contentHash": "UZUQ74lQMmvcprlG8w+XpxBbyRDQqfb7GAnccITw32hdkUBlmm9yNC4xl4aR9YjgV3ounZcub194sdmLSfBmPA==",
        "dependencies": {
          "Microsoft.Extensions.FileProviders.Abstractions": "10.0.0",
          "Microsoft.Extensions.FileSystemGlobbing": "10.0.0",
          "Microsoft.Extensions.Primitives": "10.0.0"
        }
      },
      "Microsoft.Extensions.FileSystemGlobbing": {
        "type": "Transitive",
        "resolved": "10.0.0",
        "contentHash": "5hfVl/e+bx1px2UkN+1xXhd3hu7Ui6ENItBzckFaRDQXfr+SHT/7qrCDrlQekCF/PBtEu2vtk87U2+gDEF8EhQ=="
      },
      "Microsoft.Extensions.Hosting": {
        "type": "Transitive",
        "resolved": "10.0.0",
        "contentHash": "yKJiVdXkSfe9foojGpBRbuDPQI8YD71IO/aE8ehGjRHE0VkEF/YWkW6StthwuFF146pc2lypZrpk/Tks6Plwhw==",
        "dependencies": {
          "Microsoft.Extensions.Configuration": "10.0.0",
          "Microsoft.Extensions.Configuration.Abstractions": "10.0.0",
          "Microsoft.Extensions.Configuration.Binder": "10.0.0",
          "Microsoft.Extensions.Configuration.CommandLine": "10.0.0",
          "Microsoft.Extensions.Configuration.EnvironmentVariables": "10.0.0",
          "Microsoft.Extensions.Configuration.FileExtensions": "10.0.0",
          "Microsoft.Extensions.Configuration.Json": "10.0.0",
          "Microsoft.Extensions.Configuration.UserSecrets": "10.0.0",
          "Microsoft.Extensions.DependencyInjection": "10.0.0",
          "Microsoft.Extensions.DependencyInjection.Abstractions": "10.0.0",
          "Microsoft.Extensions.Diagnostics": "10.0.0",
          "Microsoft.Extensions.FileProviders.Abstractions": "10.0.0",
          "Microsoft.Extensions.FileProviders.Physical": "10.0.0",
          "Microsoft.Extensions.Hosting.Abstractions": "10.0.0",
          "Microsoft.Extensions.Logging": "10.0.0",
          "Microsoft.Extensions.Logging.Abstractions": "10.0.0",
          "Microsoft.Extensions.Logging.Configuration": "10.0.0",
          "Microsoft.Extensions.Logging.Console": "10.0.0",
          "Microsoft.Extensions.Logging.Debug": "10.0.0",
          "Microsoft.Extensions.Logging.EventLog": "10.0.0",
          "Microsoft.Extensions.Logging.EventSource": "10.0.0",
          "Microsoft.Extensions.Options": "10.0.0"
        }
      },
      "Microsoft.Extensions.Hosting.Abstractions": {
        "type": "Transitive",
        "resolved": "10.0.10",
        "contentHash": "5LugpYGHk+mkn0a8IZgcyfBca8PCTAU9RQFoMrTdtOOidq88M2SI5f3px6ugnzgxC+eTkvYYJi8pzlUnG5xdAQ==",
        "dependencies": {
          "Microsoft.Extensions.Configuration.Abstractions": "10.0.10",
          "Microsoft.Extensions.DependencyInjection.Abstractions": "10.0.10",
          "Microsoft.Extensions.Diagnostics.Abstractions": "10.0.10",
          "Microsoft.Extensions.FileProviders.Abstractions": "10.0.10",
          "Microsoft.Extensions.Logging.Abstractions": "10.0.10"
        }
      },
      "Microsoft.Extensions.Logging": {
        "type": "Transitive",
        "resolved": "10.0.0",
        "contentHash": "BStFkd5CcnEtarlcgYDBcFzGYCuuNMzPs02wN3WBsOFoYIEmYoUdAiU+au6opzoqfTYJsMTW00AeqDdnXH2CvA==",
        "dependencies": {
          "Microsoft.Extensions.DependencyInjection": "10.0.0",
          "Microsoft.Extensions.Logging.Abstractions": "10.0.0",
          "Microsoft.Extensions.Options": "10.0.0"
        }
      },
      "Microsoft.Extensions.Logging.Abstractions": {
        "type": "Transitive",
        "resolved": "10.0.10",
        "contentHash": "zkFxGYUvdxAvIKTyXHrmW+Sux53D4SezD9dMyZ6hrwwzPQJNuwCRy1f5W7AvYTqacEGhWF2XderRQG1OvbV8og==",
        "dependencies": {
          "Microsoft.Extensions.DependencyInjection.Abstractions": "10.0.10"
        }
      },
      "Microsoft.Extensions.Logging.Configuration": {
        "type": "Transitive",
        "resolved": "10.0.0",
        "contentHash": "j8zcwhS6bYB6FEfaY3nYSgHdpiL2T+/V3xjpHtslVAegyI1JUbB9yAt/BFdvZdsNbY0Udm4xFtvfT/hUwcOOOg==",
        "dependencies": {
          "Microsoft.Extensions.Configuration": "10.0.0",
          "Microsoft.Extensions.Configuration.Abstractions": "10.0.0",
          "Microsoft.Extensions.Configuration.Binder": "10.0.0",
          "Microsoft.Extensions.DependencyInjection.Abstractions": "10.0.0",
          "Microsoft.Extensions.Logging": "10.0.0",
          "Microsoft.Extensions.Logging.Abstractions": "10.0.0",
          "Microsoft.Extensions.Options": "10.0.0",
          "Microsoft.Extensions.Options.ConfigurationExtensions": "10.0.0"
        }
      },
      "Microsoft.Extensions.Logging.Console": {
        "type": "Transitive",
        "resolved": "10.0.0",
        "contentHash": "treWetuksp8LVb09fCJ5zNhNJjyDkqzVm83XxcrlWQnAdXznR140UUXo8PyEPBvFlHhjKhFQZEOP3Sk/ByCvEw==",
        "dependencies": {
          "Microsoft.Extensions.DependencyInjection.Abstractions": "10.0.0",
          "Microsoft.Extensions.Logging": "10.0.0",
          "Microsoft.Extensions.Logging.Abstractions": "10.0.0",
          "Microsoft.Extensions.Logging.Configuration": "10.0.0",
          "Microsoft.Extensions.Options": "10.0.0"
        }
      },
      "Microsoft.Extensions.Logging.Debug": {
        "type": "Transitive",
        "resolved": "10.0.0",
        "contentHash": "A/4vBtVaySLBGj4qluye+KSbeVCCMa6GcTbxf2YgnSDHs9b9105+VojBJ1eJPel8F1ny0JOh+Ci3vgCKn69tNQ==",
        "dependencies": {
          "Microsoft.Extensions.DependencyInjection.Abstractions": "10.0.0",
          "Microsoft.Extensions.Logging": "10.0.0",
          "Microsoft.Extensions.Logging.Abstractions": "10.0.0"
        }
      },
      "Microsoft.Extensions.Logging.EventLog": {
        "type": "Transitive",
        "resolved": "10.0.0",
        "contentHash": "EWda5nSXhzQZr3yJ3+XgIApOek+Hm+txhWCEzWNVPp/OfimL4qmvctgXu87m+S2RXw/AoUP8aLMNicJ2KWblVA==",
        "dependencies": {
          "Microsoft.Extensions.DependencyInjection.Abstractions": "10.0.0",
          "Microsoft.Extensions.Logging": "10.0.0",
          "Microsoft.Extensions.Logging.Abstractions": "10.0.0",
          "Microsoft.Extensions.Options": "10.0.0",
          "System.Diagnostics.EventLog": "10.0.0"
        }
      },
      "Microsoft.Extensions.Logging.EventSource": {
        "type": "Transitive",
        "resolved": "10.0.0",
        "contentHash": "+Qc+kgoJi1w2A/Jm+7h04LcK2JoJkwAxKg7kBakkNRcemTmRGocqPa7rVNVGorTYruFrUS25GwkFNtOECnjhXg==",
        "dependencies": {
          "Microsoft.Extensions.DependencyInjection.Abstractions": "10.0.0",
          "Microsoft.Extensions.Logging": "10.0.0",
          "Microsoft.Extensions.Logging.Abstractions": "10.0.0",
          "Microsoft.Extensions.Options": "10.0.0",
          "Microsoft.Extensions.Primitives": "10.0.0"
        }
      },
      "Microsoft.Extensions.Options": {
        "type": "Transitive",
        "resolved": "10.0.10",
        "contentHash": "srnhnk7nE8krBiIXp71LvBmKBtraBONWSRzdjJgRv1Ko9Mp8IVNqv4vIS9hGeVteBig8aQkva9ZG+sC+o5sVcA==",
        "dependencies": {
          "Microsoft.Extensions.DependencyInjection.Abstractions": "10.0.10",
          "Microsoft.Extensions.Primitives": "10.0.10"
        }
      },
      "Microsoft.Extensions.Options.ConfigurationExtensions": {
        "type": "Transitive",
        "resolved": "10.0.0",
        "contentHash": "tL9cSl3maS5FPzp/3MtlZI21ExWhni0nnUCF8HY4npTsINw45n9SNDbkKXBMtFyUFGSsQep25fHIDN4f/Vp3AQ==",
        "dependencies": {
          "Microsoft.Extensions.Configuration.Abstractions": "10.0.0",
          "Microsoft.Extensions.Configuration.Binder": "10.0.0",
          "Microsoft.Extensions.DependencyInjection.Abstractions": "10.0.0",
          "Microsoft.Extensions.Options": "10.0.0",
          "Microsoft.Extensions.Primitives": "10.0.0"
        }
      },
      "Microsoft.Extensions.Primitives": {
        "type": "Transitive",
        "resolved": "10.0.10",
        "contentHash": "5wu/GrYVd8mG2DVUw3vFJzF+O336TyTGg/Kmcgw9bfwYhCoFiV5lR5QeEmKecJyrW4W54nMfD3p3589E8a7czQ=="
      },
      "Microsoft.NETCore.Platforms": {
        "type": "Transitive",
        "resolved": "1.1.0",
        "contentHash": "kz0PEW2lhqygehI/d6XsPCQzD7ff7gUJaVGPVETX611eadGsA3A877GdSlU0LRVMCTH/+P3o2iDTak+S08V2+A=="
      },
      "Microsoft.Testing.Extensions.Telemetry": {
        "type": "Transitive",
        "resolved": "1.9.1",
        "contentHash": "No5AudZMmSb+uNXjlgL2y3/stHD2IT4uxqc5yHwkE+/nNux9jbKcaJMvcp9SwgP4DVD8L9/P3OUz8mmmcvEIdQ==",
        "dependencies": {
          "Microsoft.ApplicationInsights": "2.23.0",
          "Microsoft.Testing.Platform": "1.9.1"
        }
      },
      "Microsoft.Testing.Extensions.TrxReport.Abstractions": {
        "type": "Transitive",
        "resolved": "1.9.1",
        "contentHash": "AL46Xe1WBi85Ntd4mNPvat5ZSsZ2uejiVqoKCypr8J3wK0elA5xJ3AN4G/Q4GIwzUFnggZoH/DBjnr9J18IO/g==",
        "dependencies": {
          "Microsoft.Testing.Platform": "1.9.1"
        }
      },
      "Microsoft.Testing.Platform": {
        "type": "Transitive",
        "resolved": "1.9.1",
        "contentHash": "QafNtNSmEI0zazdebnsIkDKmFtTSpmx/5PLOjURWwozcPb3tvRxzosQSL8xwYNM1iPhhKiBksXZyRSE2COisrA=="
      },
      "Microsoft.Testing.Platform.MSBuild": {
        "type": "Transitive",
        "resolved": "1.9.1",
        "contentHash": "oTUtyR4X/s9ytuiNA29FGsNCCH0rNmY5Wdm14NCKLjTM1cT9edVSlA+rGS/mVmusPqcP0l/x9qOnMXg16v87RQ==",
        "dependencies": {
          "Microsoft.Testing.Platform": "1.9.1"
        }
      },
      "Microsoft.TestPlatform.ObjectModel": {
        "type": "Transitive",
        "resolved": "18.6.0",
        "contentHash": "gQTW4BIfM2ZLxixo9ITXoulLKjn20FiiHtqTsx9PENqTrX7368ZeJ5L0QZJyReXDWORPRV8jXwZR6Aar8JOyaA=="
      },
      "Microsoft.TestPlatform.TestHost": {
        "type": "Transitive",
        "resolved": "18.6.0",
        "contentHash": "em1eLz5Q46+hsCtAXdXggWAPd9gQyT4ngdsQ7k1eWvQgpsjtS/wAOJ/5TteieFdiAvrEq1iVn00LtusAxRaVmQ==",
        "dependencies": {
          "Microsoft.TestPlatform.ObjectModel": "18.6.0",
          "Newtonsoft.Json": "13.0.3"
        }
      },
      "Microsoft.Win32.Registry": {
        "type": "Transitive",
        "resolved": "5.0.0",
        "contentHash": "dDoKi0PnDz31yAyETfRntsLArTlVAVzUzCIvvEDsDsucrl33Dl8pIJG06ePTJTI3tGpeyHS9Cq7Foc/s4EeKcg=="
      },
      "ModelContextProtocol": {
        "type": "Transitive",
        "resolved": "2.2.0",
        "contentHash": "4Pb9u02Nwsp0poueDsqNdyGRojFxOYpljB7zDBsq+aHL+Afou3OgxlBc3GWFVnsRMRJrUtWqDh3s6k2JgPzmrQ==",
        "dependencies": {
          "Microsoft.Extensions.Caching.Abstractions": "10.0.10",
          "Microsoft.Extensions.Hosting.Abstractions": "10.0.10",
          "ModelContextProtocol.Core": "[2.2.0]"
        }
      },
      "ModelContextProtocol.Core": {
        "type": "Transitive",
        "resolved": "2.2.0",
        "contentHash": "FeBfXU6T8k+jw4afg4sfxdEX2rL/e5oKOk9ROOGztu9k47+7Bz08sdaToYt2XvMY1opNbwxYQOFMj6wH9TInhA==",
        "dependencies": {
          "Microsoft.Extensions.AI.Abstractions": "10.8.3",
          "Microsoft.Extensions.Logging.Abstractions": "10.0.10"
        }
      },
      "NAudio.Core": {
        "type": "Transitive",
        "resolved": "2.2.1",
        "contentHash": "GgkdP6K/7FqXFo7uHvoqGZTJvW4z8g2IffhOO4JHaLzKCdDOUEzVKtveoZkCuUX8eV2HAINqi7VFqlFndrnz/g=="
      },
      "NETStandard.Library": {
        "type": "Transitive",
        "resolved": "1.6.1",
        "contentHash": "WcSp3+vP+yHNgS8EV5J7pZ9IRpeDuARBPN28by8zqff1wJQXm26PVU8L3/fYLBJVU7BtDyqNVWq2KlCVvSSR4A==",
        "dependencies": {
          "Microsoft.NETCore.Platforms": "1.1.0"
        }
      },
      "Newtonsoft.Json": {
        "type": "Transitive",
        "resolved": "13.0.4",
        "contentHash": "pdgNNMai3zv51W5aq268sujXUyx7SNdE2bj1wZcWjAQrKMFZV260lbqYop1d2GM67JI1huLRwxo9ZqnfF/lC6A=="
      },
      "OffiUtils": {
        "type": "Transitive",
        "resolved": "3.2.0",
        "contentHash": "sejwMr+CWLla0wzpvQSBSe+xCUk01XeKh39R/aG7a//ZHzp7twxPcnbz634w+Rk3bLRVsuL9Jp49RFw42MGjUw==",
        "dependencies": {
          "CommunityToolkit.HighPerformance": "8.4.2"
        }
      },
      "OggVorbisEncoder": {
        "type": "Transitive",
        "resolved": "1.2.2",
        "contentHash": "MZMa5URyED82nJUfGCbulS/1/Np+zhE2mt3h9TuAPOurVN3rYHEaVc7cKd7IK1vROB4UMdTgSoPCW3EJCNmHJw=="
      },
      "Oodle.NET": {
        "type": "Transitive",
        "resolved": "2.2.0",
        "contentHash": "6+rGT+Y2dBkACr2dQ0+NBm5mpDJ66ec8X2RFLyNjm1pRojMK5DcRiA8iqVdMgYue7OPMUhN7ViSn0iu0X4NmRQ=="
      },
      "OodleSharp": {
        "type": "Transitive",
        "resolved": "0.0.1",
        "contentHash": "8XioZSNsed2bv0ouBOqgHDH1guZepf844lCQGndo4jqzuFAiuurIlZ1my/3vXdN3aXdhe3jPrWQzDjXZqxZH7Q=="
      },
      "Serilog": {
        "type": "Transitive",
        "resolved": "4.3.1",
        "contentHash": "savYe7h5yRlkqBVOwP8cIRDOdqKiPmYCU4W87JH38sBmcKD5EBoXvQIw6bNEvZ/pTe1gsiye3VFCzBsoppGkXQ=="
      },
      "Serilog.Sinks.Console": {
        "type": "Transitive",
        "resolved": "6.1.1",
        "contentHash": "8jbqgjUyZlfCuSTaJk6lOca465OndqOz3KZP6Cryt/IqZYybyBu7GP0fE/AXBzrrQB3EBmQntBFAvMVz1COvAA==",
        "dependencies": {
          "Serilog": "4.0.0"
        }
      },
      "SQLite": {
        "type": "Transitive",
        "resolved": "3.53.4",
        "contentHash": "KN7jeWqgUPeBRe1FlcpZURzxomuKKEKHmBBQfg+Nx7NkY1LjKhzHvH+3ASkNvhayESE34nMBinL9CV21JfPRJw=="
      },
      "SQLitePCLRaw.bundle_e_sqlite3": {
        "type": "Transitive",
        "resolved": "3.0.5",
        "contentHash": "SW8iASIyWMrLzqabUHYQRvALhvD4ylSBsj4PgEVGwc36kQjc9xT5kSV/XQ9rU7nIpBWD+LPyX3Hlw5FzyUzGeQ==",
        "dependencies": {
          "SQLite": "3.53.4",
          "SQLitePCLRaw.config.e_sqlite3": "3.0.5"
        }
      },
      "SQLitePCLRaw.config.e_sqlite3": {
        "type": "Transitive",
        "resolved": "3.0.5",
        "contentHash": "aSk8WE5tF2MybESMgtZAEyMVCAWA0nBqOMc48HFoa9UoSdtm3goDXVzNRnefeKIwE6bV9NaNXptn1F9ReMQI0Q==",
        "dependencies": {
          "SQLitePCLRaw.provider.e_sqlite3": "3.0.5"
        }
      },
      "SQLitePCLRaw.core": {
        "type": "Transitive",
        "resolved": "3.0.5",
        "contentHash": "k81AYXXRCw3Zj8rOhyBoCsx/U97KYDFI2CSKr/ijl5BwpsW/hX/4kBiDmerFaoust8nxBwa0IHQFw8MmSHRtnQ=="
      },
      "SQLitePCLRaw.lib.e_sqlite3": {
        "type": "Transitive",
        "resolved": "3.53.3",
        "contentHash": "ZXiSbBkrlw2Of/dBqny/qtQol7dlThrUD8zH/jkQicCFm2yn2BbhKsQW0+YHAzhANWz4ZJCz7gvo88BwluVhkA=="
      },
      "SQLitePCLRaw.provider.e_sqlite3": {
        "type": "Transitive",
        "resolved": "3.0.5",
        "contentHash": "um8YSWduhhuskTG2bHfZrBqMNQOydfU8pcseT+cu5RivOGyoUbCrGXxgoRNTmRYw2VbMWnEZVVFcneZT/5dsBg==",
        "dependencies": {
          "SQLitePCLRaw.core": "3.0.5"
        }
      },
      "SubstreamSharp": {
        "type": "Transitive",
        "resolved": "1.0.3",
        "contentHash": "XV/cpJkajpqg2qMYAZzXFcklLy4KvFEiWQFE+amUAzLzQqk/nyAdQp0gXX2rGz5F/ALkvd8bgKBiDW+QuKOXDQ=="
      },
      "System.Diagnostics.EventLog": {
        "type": "Transitive",
        "resolved": "10.0.0",
        "contentHash": "uaFRda9NjtbJRkdx311eXlAA3n2em7223c1A8d1VWyl+4FL9vkG7y2lpPfBU9HYdj/9KgdRNdn1vFK8ZYCYT/A=="
      },
      "System.IO.Hashing": {
        "type": "Transitive",
        "resolved": "10.0.8",
        "contentHash": "+dJsbPJ3FyUbTZNplFj0RCKePFizmv6ewDV46JE9q/IVH4c3xTCftHfHelLsAKf0jryIPqgMb5GpS0x7TAY3mg=="
      },
      "System.Numerics.Tensors": {
        "type": "Transitive",
        "resolved": "10.0.10",
        "contentHash": "9Ildb4Y9maDztB0ZRGxsNShbpCQ2Tjv2dr4IjskBxpTGhH7aIz1+oC+Hl833ASs/htWwsH6myNe+sRpeyCzeMQ=="
      },
      "VGAudio": {
        "type": "Transitive",
        "resolved": "2.2.1",
        "contentHash": "eg8TusdIdla4XejVolG3da6UtshRQPmjCoTxejBff4sJf0wgI1Ic6vvNiYjb96gX21kvWLONRgyvc3NVHP6TYg==",
        "dependencies": {
          "NETStandard.Library": "1.6.1"
        }
      },
      "xunit.analyzers": {
        "type": "Transitive",
        "resolved": "1.27.0",
        "contentHash": "y/pxIQaLvk/kxAoDkZW9GnHLCEqzwl5TW0vtX3pweyQpjizB9y3DXhb9pkw2dGeUqhLjsxvvJM1k89JowU6z3g=="
      },
      "xunit.v3.assert": {
        "type": "Transitive",
        "resolved": "3.2.2",
        "contentHash": "BPciBghgEEaJN/JG00QfCYDfEfnLgQhfnYEy+j1izoeHVNYd5+3Wm8GJ6JgYysOhpBPYGE+sbf75JtrRc7jrdA=="
      },
      "xunit.v3.common": {
        "type": "Transitive",
        "resolved": "3.2.2",
        "contentHash": "Hj775PEH6GTbbg0wfKRvG2hNspDCvTH9irXhH4qIWgdrOSV1sQlqPie+DOvFeigsFg2fxSM3ZAaaCDQs+KreFA==",
        "dependencies": {
          "Microsoft.Bcl.AsyncInterfaces": "6.0.0"
        }
      },
      "xunit.v3.core.mtp-v1": {
        "type": "Transitive",
        "resolved": "3.2.2",
        "contentHash": "Ga5aA2Ca9ktz+5k3g5ukzwfexwoqwDUpV6z7atSEUvqtd6JuybU1XopHqg1oFd78QdTfZgZE9h5sHpO4qYIi5w==",
        "dependencies": {
          "Microsoft.Testing.Extensions.Telemetry": "1.9.1",
          "Microsoft.Testing.Extensions.TrxReport.Abstractions": "1.9.1",
          "Microsoft.Testing.Platform": "1.9.1",
          "Microsoft.Testing.Platform.MSBuild": "1.9.1",
          "xunit.v3.extensibility.core": "[3.2.2]",
          "xunit.v3.runner.inproc.console": "[3.2.2]"
        }
      },
      "xunit.v3.extensibility.core": {
        "type": "Transitive",
        "resolved": "3.2.2",
        "contentHash": "srY8z/oMPvh/t8axtO2DwrHajhFMH7tnqKildvYrVQIfICi8fOn3yIBWkVPAcrKmHMwvXRJ/XsQM3VMR6DOYfQ==",
        "dependencies": {
          "xunit.v3.common": "[3.2.2]"
        }
      },
      "xunit.v3.mtp-v1": {
        "type": "Transitive",
        "resolved": "3.2.2",
        "contentHash": "O41aAzYKBT5PWqATa1oEWVNCyEUypFQ4va6K0kz37dduV3EKzXNMaV2UnEhufzU4Cce1I33gg0oldS8tGL5I0A==",
        "dependencies": {
          "xunit.analyzers": "1.27.0",
          "xunit.v3.assert": "[3.2.2]",
          "xunit.v3.core.mtp-v1": "[3.2.2]"
        }
      },
      "xunit.v3.runner.common": {
        "type": "Transitive",
        "resolved": "3.2.2",
        "contentHash": "/hkHkQCzGrugelOAehprm7RIWdsUFVmIVaD6jDH/8DNGCymTlKKPTbGokD5czbAfqfex47mBP0sb0zbHYwrO/g==",
        "dependencies": {
          "Microsoft.Win32.Registry": "[5.0.0]",
          "xunit.v3.common": "[3.2.2]"
        }
      },
      "xunit.v3.runner.inproc.console": {
        "type": "Transitive",
        "resolved": "3.2.2",
        "contentHash": "ulWOdSvCk+bPXijJZ73bth9NyoOHsAs1ZOvamYbCkD4DNLX/Bd29Ve2ZNUwBbK0MqfIYWXHZViy/HKrdEC/izw==",
        "dependencies": {
          "xunit.v3.extensibility.core": "[3.2.2]",
          "xunit.v3.runner.common": "[3.2.2]"
        }
      },
      "Zlib-ng.NET": {
        "type": "Transitive",
        "resolved": "1.2.0",
        "contentHash": "W97KdZxrekUMf9DjO9xSb7YzL0H642Hc3ACqABThY3z5M5+wPeFG3pbdL7ObsLL81ysR3swrXTEydla0tDyD5w=="
      },
      "ZstdSharp.Port": {
        "type": "Transitive",
        "resolved": "0.8.8",
        "contentHash": "UIDFkA5DC3en3tOJ3Mof11yBx9kUQLsaeo/oFdvN6Bbkr9E9+VCqfIadHci8cu+I51K2Sl7XYWVl2R/mA75NBQ=="
      },
      "cue4parse": {
        "type": "Project",
        "dependencies": {
          "Blake3": "[3.0.2, )",
          "BouncyCastle.Cryptography": "[2.6.2, )",
          "FixedMathSharp": "[4.0.1, )",
          "Fmod5Sharp": "[3.1.0, )",
          "GenericReader": "[2.3.0, )",
          "Infrablack.UE4Config": "[0.7.2.97, )",
          "K4os.Compression.LZ4.Streams": "[1.3.8, )",
          "LZMA-SDK": "[22.1.1, )",
          "Microsoft.Bcl.Memory": "[10.0.11, )",
          "Newtonsoft.Json": "[13.0.4, )",
          "OffiUtils": "[3.2.0, )",
          "Oodle.NET": "[2.2.0, )",
          "OodleSharp": "[0.0.1, )",
          "Serilog": "[4.3.1, )",
          "Serilog.Sinks.Console": "[6.1.1, )",
          "SubstreamSharp": "[1.0.3, )",
          "System.IO.Hashing": "[10.0.8, )",
          "System.Numerics.Tensors": "[10.0.10, )",
          "VGAudio": "[2.2.1, )",
          "Zlib-ng.NET": "[1.2.0, )",
          "ZstdSharp.Port": "[0.8.8, )"
        }
      },
      "fmodelmcp": {
        "type": "Project",
        "dependencies": {
          "CUE4Parse": "[1.2.2, )",
          "Microsoft.Bcl.Memory": "[10.0.11, )",
          "Microsoft.Data.Sqlite": "[10.0.11, )",
          "Microsoft.Extensions.Hosting": "[10.0.0, )",
          "ModelContextProtocol": "[2.2.0, )",
          "SQLitePCLRaw.bundle_e_sqlite3": "[3.0.5, )",
          "SQLitePCLRaw.core": "[3.0.5, )",
          "SQLitePCLRaw.lib.e_sqlite3": "[3.53.3, )",
          "SQLitePCLRaw.provider.e_sqlite3": "[3.0.5, )"
        }
      }
    }
  }
}